// !$*UTF8*$!
{
	archiveVersion = 1;
	classes = {
	};
	objectVersion = 55;
	objects = {

/* Begin PBXBuildFile section */
		82AE06B02962A39B004594EC /* SwiftTestUi1App.swift in Sources */ = {isa = PBXBuildFile; fileRef = 82AE06AF2962A39B004594EC /* SwiftTestUi1App.swift */; };
		82AE06B22962A39B004594EC /* ContentView.swift in Sources */ = {isa = PBXBuildFile; fileRef = 82AE06B12962A39B004594EC /* ContentView.swift */; };
		82AE06B42962A39E004594EC /* Assets.xcassets in Resources */ = {isa = PBXBuildFile; fileRef = 82AE06B32962A39E004594EC /* Assets.xcassets */; };
		82AE06B72962A39E004594EC /* Preview Assets.xcassets in Resources */ = {isa = PBXBuildFile; fileRef = 82AE06B62962A39E004594EC /* Preview Assets.xcassets */; };
		82AE06C12962A39F004594EC /* SwiftTestUi1Tests.swift in Sources */ = {isa = PBXBuildFile; fileRef = 82AE06C02962A39F004594EC /* SwiftTestUi1Tests.swift */; };
		82AE06CB2962A39F004594EC /* SwiftTestUi1UITests.swift in Sources */ = {isa = PBXBuildFile; fileRef = 82AE06CA2962A39F004594EC /* SwiftTestUi1UITests.swift */; };
		82AE06CD2962A39F004594EC /* SwiftTestUi1UITestsLaunchTests.swift in Sources */ = {isa = PBXBuildFile; fileRef = 82AE06CC2962A39F004594EC /* SwiftTestUi1UITestsLaunchTests.swift */; };
		82AE06DA2962AC20004594EC /* CircleImage.swift in Sources */ = {isa = PBXBuildFile; fileRef = 82AE06D92962AC20004594EC /* CircleImage.swift */; };
		82AE06DC2962ADB1004594EC /* MapView.swift in Sources */ = {isa = PBXBuildFile; fileRef = 82AE06DB2962ADB1004594EC /* MapView.swift */; };
		82DDDCB92962C08800176A3B /* landmarkData.json in Resources */ = {isa = PBXBuildFile; fileRef = 82DDDCB82962C08800176A3B /* landmarkData.json */; };
		82DDDCBB2962C0AE00176A3B /* Landmark.swift in Sources */ = {isa = PBXBuildFile; fileRef = 82DDDCBA2962C0AE00176A3B /* Landmark.swift */; };
		82DDDCBD2962C26100176A3B /* ModelData.swift in Sources */ = {isa = PBXBuildFile; fileRef = 82DDDCBC2962C26100176A3B /* ModelData.swift */; };
		82DDDCC32962C41D00176A3B /* LandmarkRow.swift in Sources */ = {isa = PBXBuildFile; fileRef = 82DDDCC22962C41D00176A3B /* LandmarkRow.swift */; };
		82DDDCC52962C7A300176A3B /* LandmarkList.swift in Sources */ = {isa = PBXBuildFile; fileRef = 82DDDCC42962C7A300176A3B /* LandmarkList.swift */; };
		82DDDCC72962D01E00176A3B /* LandmarkDetail.swift in Sources */ = {isa = PBXBuildFile; fileRef = 82DDDCC62962D01E00176A3B /* LandmarkDetail.swift */; };
		82DDDCCA29630CF700176A3B /* FavoriteButton.swift in Sources */ = {isa = PBXBuildFile; fileRef = 82DDDCC929630CF700176A3B /* FavoriteButton.swift */; };
		82DDDCCE2963146A00176A3B /* HexagonParameters.swift in Sources */ = {isa = PBXBuildFile; fileRef = 82DDDCCD2963146A00176A3B /* HexagonParameters.swift */; };
		82DDDCD02963168500176A3B /* BadgeBackground.swift in Sources */ = {isa = PBXBuildFile; fileRef = 82DDDCCF2963168500176A3B /* BadgeBackground.swift */; };
		82DDDCD229631E8F00176A3B /* BadgeSymbol.swift in Sources */ = {isa = PBXBuildFile; fileRef = 82DDDCD129631E8F00176A3B /* BadgeSymbol.swift */; };
		82DDDCD529631F7E00176A3B /* RotatedBadgeSymbol.swift in Sources */ = {isa = PBXBuildFile; fileRef = 82DDDCD429631F7E00176A3B /* RotatedBadgeSymbol.swift */; };
		82DDDCD72963208700176A3B /* Badge.swift in Sources */ = {isa = PBXBuildFile; fileRef = 82DDDCD62963208700176A3B /* Badge.swift */; };
		82DDDCD92963241D00176A3B /* hikeData.json in Resources */ = {isa = PBXBuildFile; fileRef = 82DDDCD82963241D00176A3B /* hikeData.json */; };
		82DDDCDB2963245900176A3B /* Hike.swift in Sources */ = {isa = PBXBuildFile; fileRef = 82DDDCDA2963245900176A3B /* Hike.swift */; };
		82DDDCE1296324B100176A3B /* GraphCapsule.swift in Sources */ = {isa = PBXBuildFile; fileRef = 82DDDCDD296324B100176A3B /* GraphCapsule.swift */; };
		82DDDCE2296324B100176A3B /* HikeGraph.swift in Sources */ = {isa = PBXBuildFile; fileRef = 82DDDCDE296324B100176A3B /* HikeGraph.swift */; };
		82DDDCE3296324B100176A3B /* HikeDetail.swift in Sources */ = {isa = PBXBuildFile; fileRef = 82DDDCDF296324B100176A3B /* HikeDetail.swift */; };
		82DDDCE4296324B100176A3B /* HikeView.swift in Sources */ = {isa = PBXBuildFile; fileRef = 82DDDCE0296324B100176A3B /* HikeView.swift */; };
/* End PBXBuildFile section */

/* Begin PBXContainerItemProxy section */
		82AE06BD2962A39F004594EC /* PBXContainerItemProxy */ = {
			isa = PBXContainerItemProxy;
			containerPortal = 82AE06A42962A39B004594EC /* Project object */;
			proxyType = 1;
			remoteGlobalIDString = 82AE06AB2962A39B004594EC;
			remoteInfo = SwiftTestUi1;
		};
		82AE06C72962A39F004594EC /* PBXContainerItemProxy */ = {
			isa = PBXContainerItemProxy;
			containerPortal = 82AE06A42962A39B004594EC /* Project object */;
			proxyType = 1;
			remoteGlobalIDString = 82AE06AB2962A39B004594EC;
			remoteInfo = SwiftTestUi1;
		};
/* End PBXContainerItemProxy section */

/* Begin PBXFileReference section */
		82AE06AC2962A39B004594EC /* SwiftTestUi1.app */ = {isa = PBXFileReference; explicitFileType = wrapper.application; includeInIndex = 0; path = SwiftTestUi1.app; sourceTree = BUILT_PRODUCTS_DIR; };
		82AE06AF2962A39B004594EC /* SwiftTestUi1App.swift */ = {isa = PBXFileReference; lastKnownFileType = sourcecode.swift; path = SwiftTestUi1App.swift; sourceTree = "<group>"; };
		82AE06B12962A39B004594EC /* ContentView.swift */ = {isa = PBXFileReference; lastKnownFileType = sourcecode.swift; path = ContentView.swift; sourceTree = "<group>"; };
		82AE06B32962A39E004594EC /* Assets.xcassets */ = {isa = PBXFileReference; lastKnownFileType = folder.assetcatalog; path = Assets.xcassets; sourceTree = "<group>"; };
		82AE06B62962A39E004594EC /* Preview Assets.xcassets */ = {isa = PBXFileReference; lastKnownFileType = folder.assetcatalog; path = "Preview Assets.xcassets"; sourceTree = "<group>"; };
		82AE06BC2962A39F004594EC /* SwiftTestUi1Tests.xctest */ = {isa = PBXFileReference; explicitFileType = wrapper.cfbundle; includeInIndex = 0; path = SwiftTestUi1Tests.xctest; sourceTree = BUILT_PRODUCTS_DIR; };
		82AE06C02962A39F004594EC /* SwiftTestUi1Tests.swift */ = {isa = PBXFileReference; lastKnownFileType = sourcecode.swift; path = SwiftTestUi1Tests.swift; sourceTree = "<group>"; };
		82AE06C62962A39F004594EC /* SwiftTestUi1UITests.xctest */ = {isa = PBXFileReference; explicitFileType = wrapper.cfbundle; includeInIndex = 0; path = SwiftTestUi1UITests.xctest; sourceTree = BUILT_PRODUCTS_DIR; };
		82AE06CA2962A39F004594EC /* SwiftTestUi1UITests.swift */ = {isa = PBXFileReference; lastKnownFileType = sourcecode.swift; path = SwiftTestUi1UITests.swift; sourceTree = "<group>"; };
		82AE06CC2962A39F004594EC /* SwiftTestUi1UITestsLaunchTests.swift */ = {isa = PBXFileReference; lastKnownFileType = sourcecode.swift; path = SwiftTestUi1UITestsLaunchTests.swift; sourceTree = "<group>"; };
		82AE06D92962AC20004594EC /* CircleImage.swift */ = {isa = PBXFileReference; lastKnownFileType = sourcecode.swift; path = CircleImage.swift; sourceTree = "<group>"; };
		82AE06DB2962ADB1004594EC /* MapView.swift */ = {isa = PBXFileReference; lastKnownFileType = sourcecode.swift; path = MapView.swift; sourceTree = "<group>"; };
		82DDDCB82962C08800176A3B /* landmarkData.json */ = {isa = PBXFileReference; fileEncoding = 4; lastKnownFileType = text.json; name = landmarkData.json; path = ../BuildingListsAndNavigation/Resources/landmarkData.json; sourceTree = "<group>"; };
		82DDDCBA2962C0AE00176A3B /* Landmark.swift */ = {isa = PBXFileReference; lastKnownFileType = sourcecode.swift; path = Landmark.swift; sourceTree = "<group>"; };
		82DDDCBC2962C26100176A3B /* ModelData.swift */ = {isa = PBXFileReference; lastKnownFileType = sourcecode.swift; path = ModelData.swift; sourceTree = "<group>"; };
		82DDDCC12962C34F00176A3B /* landmarkData.json */ = {isa = PBXFileReference; lastKnownFileType = text.json; path = landmarkData.json; sourceTree = "<group>"; };
		82DDDCC22962C41D00176A3B /* LandmarkRow.swift */ = {isa = PBXFileReference; lastKnownFileType = sourcecode.swift; path = LandmarkRow.swift; sourceTree = "<group>"; };
		82DDDCC42962C7A300176A3B /* LandmarkList.swift */ = {isa = PBXFileReference; lastKnownFileType = sourcecode.swift; path = LandmarkList.swift; sourceTree = "<group>"; };
		82DDDCC62962D01E00176A3B /* LandmarkDetail.swift */ = {isa = PBXFileReference; lastKnownFileType = sourcecode.swift; path = LandmarkDetail.swift; sourceTree = "<group>"; };
		82DDDCC829630A9000176A3B /* Info.plist */ = {isa = PBXFileReference; lastKnownFileType = text.plist; path = Info.plist; sourceTree = "<group>"; };
		82DDDCC929630CF700176A3B /* FavoriteButton.swift */ = {isa = PBXFileReference; lastKnownFileType = sourcecode.swift; path = FavoriteButton.swift; sourceTree = "<group>"; };
		82DDDCCD2963146A00176A3B /* HexagonParameters.swift */ = {isa = PBXFileReference; lastKnownFileType = sourcecode.swift; path = HexagonParameters.swift; sourceTree = "<group>"; };
		82DDDCCF2963168500176A3B /* BadgeBackground.swift */ = {isa = PBXFileReference; lastKnownFileType = sourcecode.swift; path = BadgeBackground.swift; sourceTree = "<group>"; };
		82DDDCD129631E8F00176A3B /* BadgeSymbol.swift */ = {isa = PBXFileReference; lastKnownFileType = sourcecode.swift; path = BadgeSymbol.swift; sourceTree = "<group>"; };
		82DDDCD429631F7E00176A3B /* RotatedBadgeSymbol.swift */ = {isa = PBXFileReference; lastKnownFileType = sourcecode.swift; path = RotatedBadgeSymbol.swift; sourceTree = "<group>"; };
		82DDDCD62963208700176A3B /* Badge.swift */ = {isa = PBXFileReference; lastKnownFileType = sourcecode.swift; path = Badge.swift; sourceTree = "<group>"; };
		82DDDCD82963241D00176A3B /* hikeData.json */ = {isa = PBXFileReference; fileEncoding = 4; lastKnownFileType = text.json; path = hikeData.json; sourceTree = "<group>"; };
		82DDDCDA2963245900176A3B /* Hike.swift */ = {isa = PBXFileReference; lastKnownFileType = sourcecode.swift; path = Hike.swift; sourceTree = "<group>"; };
		82DDDCDD296324B100176A3B /* GraphCapsule.swift */ = {isa = PBXFileReference; fileEncoding = 4; lastKnownFileType = sourcecode.swift; path = GraphCapsule.swift; sourceTree = "<group>"; };
		82DDDCDE296324B100176A3B /* HikeGraph.swift */ = {isa = PBXFileReference; fileEncoding = 4; lastKnownFileType = sourcecode.swift; path = HikeGraph.swift; sourceTree = "<group>"; };
		82DDDCDF296324B100176A3B /* HikeDetail.swift */ = {isa = PBXFileReference; fileEncoding = 4; lastKnownFileType = sourcecode.swift; path = HikeDetail.swift; sourceTree = "<group>"; };
		82DDDCE0296324B100176A3B /* HikeView.swift */ = {isa = PBXFileReference; fileEncoding = 4; lastKnownFileType = sourcecode.swift; path = HikeView.swift; sourceTree = "<group>"; };
/* End PBXFileReference section */

/* Begin PBXFrameworksBuildPhase section */
		82AE06A92962A39B004594EC /* Frameworks */ = {
			isa = PBXFrameworksBuildPhase;
			buildActionMask = 2147483647;
			files = (
			);
			runOnlyForDeploymentPostprocessing = 0;
		};
		82AE06B92962A39F004594EC /* Frameworks */ = {
			isa = PBXFrameworksBuildPhase;
			buildActionMask = 2147483647;
			files = (
			);
			runOnlyForDeploymentPostprocessing = 0;
		};
		82AE06C32962A39F004594EC /* Frameworks */ = {
			isa = PBXFrameworksBuildPhase;
			buildActionMask = 2147483647;
			files = (
			);
			runOnlyForDeploymentPostprocessing = 0;
		};
/* End PBXFrameworksBuildPhase section */

/* Begin PBXGroup section */
		82AE06A32962A39B004594EC = {
			isa = PBXGroup;
			children = (
				82DDDCB82962C08800176A3B /* landmarkData.json */,
				82AE06AE2962A39B004594EC /* SwiftTestUi1 */,
				82AE06BF2962A39F004594EC /* SwiftTestUi1Tests */,
				82AE06C92962A39F004594EC /* SwiftTestUi1UITests */,
				82AE06AD2962A39B004594EC /* Products */,
			);
			sourceTree = "<group>";
		};
		82AE06AD2962A39B004594EC /* Products */ = {
			isa = PBXGroup;
			children = (
				82AE06AC2962A39B004594EC /* SwiftTestUi1.app */,
				82AE06BC2962A39F004594EC /* SwiftTestUi1Tests.xctest */,
				82AE06C62962A39F004594EC /* SwiftTestUi1UITests.xctest */,
			);
			name = Products;
			sourceTree = "<group>";
		};
		82AE06AE2962A39B004594EC /* SwiftTestUi1 */ = {
			isa = PBXGroup;
			children = (
				82DDDCC829630A9000176A3B /* Info.plist */,
				82DDDCC02962C34400176A3B /* Resources */,
				82DDDCBF2962C32800176A3B /* Model */,
				82DDDCBE2962C2FD00176A3B /* Views */,
				82AE06AF2962A39B004594EC /* SwiftTestUi1App.swift */,
				82AE06B32962A39E004594EC /* Assets.xcassets */,
				82AE06B52962A39E004594EC /* Preview Content */,
			);
			path = SwiftTestUi1;
			sourceTree = "<group>";
		};
		82AE06B52962A39E004594EC /* Preview Content */ = {
			isa = PBXGroup;
			children = (
				82AE06B62962A39E004594EC /* Preview Assets.xcassets */,
			);
			path = "Preview Content";
			sourceTree = "<group>";
		};
		82AE06BF2962A39F004594EC /* SwiftTestUi1Tests */ = {
			isa = PBXGroup;
			children = (
				82AE06C02962A39F004594EC /* SwiftTestUi1Tests.swift */,
			);
			path = SwiftTestUi1Tests;
			sourceTree = "<group>";
		};
		82AE06C92962A39F004594EC /* SwiftTestUi1UITests */ = {
			isa = PBXGroup;
			children = (
				82AE06CA2962A39F004594EC /* SwiftTestUi1UITests.swift */,
				82AE06CC2962A39F004594EC /* SwiftTestUi1UITestsLaunchTests.swift */,
			);
			path = SwiftTestUi1UITests;
			sourceTree = "<group>";
		};
		82DDDCBE2962C2FD00176A3B /* Views */ = {
			isa = PBXGroup;
			children = (
				82DDDCDC296324B100176A3B /* Hikes */,
				82DDDCD329631F6E00176A3B /* Badges */,
				82DDDCCC29630EF700176A3B /* Helpers */,
				82AE06B12962A39B004594EC /* ContentView.swift */,
				82DDDCCB29630EDA00176A3B /* Landmarks */,
			);
			path = Views;
			sourceTree = "<group>";
		};
		82DDDCBF2962C32800176A3B /* Model */ = {
			isa = PBXGroup;
			children = (
				82DDDCBA2962C0AE00176A3B /* Landmark.swift */,
				82DDDCBC2962C26100176A3B /* ModelData.swift */,
				82DDDCDA2963245900176A3B /* Hike.swift */,
			);
			path = Model;
			sourceTree = "<group>";
		};
		82DDDCC02962C34400176A3B /* Resources */ = {
			isa = PBXGroup;
			children = (
				82DDDCD82963241D00176A3B /* hikeData.json */,
				82DDDCC12962C34F00176A3B /* landmarkData.json */,
			);
			path = Resources;
			sourceTree = "<group>";
		};
		82DDDCCB29630EDA00176A3B /* Landmarks */ = {
			isa = PBXGroup;
			children = (
				82DDDCC22962C41D00176A3B /* LandmarkRow.swift */,
				82DDDCC42962C7A300176A3B /* LandmarkList.swift */,
				82DDDCC62962D01E00176A3B /* LandmarkDetail.swift */,
			);
			path = Landmarks;
			sourceTree = "<group>";
		};
		82DDDCCC29630EF700176A3B /* Helpers */ = {
			isa = PBXGroup;
			children = (
				82AE06D92962AC20004594EC /* CircleImage.swift */,
				82AE06DB2962ADB1004594EC /* MapView.swift */,
				82DDDCC929630CF700176A3B /* FavoriteButton.swift */,
			);
			path = Helpers;
			sourceTree = "<group>";
		};
		82DDDCD329631F6E00176A3B /* Badges */ = {
			isa = PBXGroup;
			children = (
				82DDDCCD2963146A00176A3B /* HexagonParameters.swift */,
				82DDDCCF2963168500176A3B /* BadgeBackground.swift */,
				82DDDCD129631E8F00176A3B /* BadgeSymbol.swift */,
				82DDDCD429631F7E00176A3B /* RotatedBadgeSymbol.swift */,
				82DDDCD62963208700176A3B /* Badge.swift */,
			);
			path = Badges;
			sourceTree = "<group>";
		};
		82DDDCDC296324B100176A3B /* Hikes */ = {
			isa = PBXGroup;
			children = (
				82DDDCDD296324B100176A3B /* GraphCapsule.swift */,
				82DDDCDE296324B100176A3B /* HikeGraph.swift */,
				82DDDCDF296324B100176A3B /* HikeDetail.swift */,
				82DDDCE0296324B100176A3B /* HikeView.swift */,
			);
			path = Hikes;
			sourceTree = "<group>";
		};
/* End PBXGroup section */

/* Begin PBXNativeTarget section */
		82AE06AB2962A39B004594EC /* SwiftTestUi1 */ = {
			isa = PBXNativeTarget;
			buildConfigurationList = 82AE06D02962A39F004594EC /* Build configuration list for PBXNativeTarget "SwiftTestUi1" */;
			buildPhases = (
				82AE06A82962A39B004594EC /* Sources */,
				82AE06A92962A39B004594EC /* Frameworks */,
				82AE06AA2962A39B004594EC /* Resources */,
			);
			buildRules = (
			);
			dependencies = (
			);
			name = SwiftTestUi1;
			productName = SwiftTestUi1;
			productReference = 82AE06AC2962A39B004594EC /* SwiftTestUi1.app */;
			productType = "com.apple.product-type.application";
		};
		82AE06BB2962A39F004594EC /* SwiftTestUi1Tests */ = {
			isa = PBXNativeTarget;
			buildConfigurationList = 82AE06D32962A39F004594EC /* Build configuration list for PBXNativeTarget "SwiftTestUi1Tests" */;
			buildPhases = (
				82AE06B82962A39F004594EC /* Sources */,
				82AE06B92962A39F004594EC /* Frameworks */,
				82AE06BA2962A39F004594EC /* Resources */,
			);
			buildRules = (
			);
			dependencies = (
				82AE06BE2962A39F004594EC /* PBXTargetDependency */,
			);
			name = SwiftTestUi1Tests;
			productName = SwiftTestUi1Tests;
			productReference = 82AE06BC2962A39F004594EC /* SwiftTestUi1Tests.xctest */;
			productType = "com.apple.product-type.bundle.unit-test";
		};
		82AE06C52962A39F004594EC /* SwiftTestUi1UITests */ = {
			isa = PBXNativeTarget;
			buildConfigurationList = 82AE06D62962A39F004594EC /* Build configuration list for PBXNativeTarget "SwiftTestUi1UITests" */;
			buildPhases = (
				82AE06C22962A39F004594EC /* Sources */,
				82AE06C32962A39F004594EC /* Frameworks */,
				82AE06C42962A39F004594EC /* Resources */,
			);
			buildRules = (
			);
			dependencies = (
				82AE06C82962A39F004594EC /* PBXTargetDependency */,
			);
			name = SwiftTestUi1UITests;
			productName = SwiftTestUi1UITests;
			productReference = 82AE06C62962A39F004594EC /* SwiftTestUi1UITests.xctest */;
			productType = "com.apple.product-type.bundle.ui-testing";
		};
/* End PBXNativeTarget section */

/* Begin PBXProject section */
		82AE06A42962A39B004594EC /* Project object */ = {
			isa = PBXProject;
			attributes = {
				BuildIndependentTargetsInParallel = 1;
				LastSwiftUpdateCheck = 1320;
				LastUpgradeCheck = 1320;
				TargetAttributes = {
					82AE06AB2962A39B004594EC = {
						CreatedOnToolsVersion = 13.2.1;
					};
					82AE06BB2962A39F004594EC = {
						CreatedOnToolsVersion = 13.2.1;
						TestTargetID = 82AE06AB2962A39B004594EC;
					};
					82AE06C52962A39F004594EC = {
						CreatedOnToolsVersion = 13.2.1;
						TestTargetID = 82AE06AB2962A39B004594EC;
					};
				};
			};
			buildConfigurationList = 82AE06A72962A39B004594EC /* Build configuration list for PBXProject "SwiftTestUi1" */;
			compatibilityVersion = "Xcode 13.0";
			developmentRegion = en;
			hasScannedForEncodings = 0;
			knownRegions = (
				en,
				Base,
			);
			mainGroup = 82AE06A32962A39B004594EC;
			productRefGroup = 82AE06AD2962A39B004594EC /* Products */;
			projectDirPath = "";
			projectRoot = "";
			targets = (
				82AE06AB2962A39B004594EC /* SwiftTestUi1 */,
				82AE06BB2962A39F004594EC /* SwiftTestUi1Tests */,
				82AE06C52962A39F004594EC /* SwiftTestUi1UITests */,
			);
		};
/* End PBXProject section */

/* Begin PBXResourcesBuildPhase section */
		82AE06AA2962A39B004594EC /* Resources */ = {
			isa = PBXResourcesBuildPhase;
			buildActionMask = 2147483647;
			files = (
				82DDDCD92963241D00176A3B /* hikeData.json in Resources */,
				82AE06B72962A39E004594EC /* Preview Assets.xcassets in Resources */,
				82AE06B42962A39E004594EC /* Assets.xcassets in Resources */,
				82DDDCB92962C08800176A3B /* landmarkData.json in Resources */,
			);
			runOnlyForDeploymentPostprocessing = 0;
		};
		82AE06BA2962A39F004594EC /* Resources */ = {
			isa = PBXResourcesBuildPhase;
			buildActionMask = 2147483647;
			files = (
			);
			runOnlyForDeploymentPostprocessing = 0;
		};
		82AE06C42962A39F004594EC /* Resources */ = {
			isa = PBXResourcesBuildPhase;
			buildActionMask = 2147483647;
			files = (
			);
			runOnlyForDeploymentPostprocessing = 0;
		};
/* End PBXResourcesBuildPhase section */

/* Begin PBXSourcesBuildPhase section */
		82AE06A82962A39B004594EC /* Sources */ = {
			isa = PBXSourcesBuildPhase;
			buildActionMask = 2147483647;
			files = (
				82AE06B22962A39B004594EC /* ContentView.swift in Sources */,
				82DDDCE2296324B100176A3B /* HikeGraph.swift in Sources */,
				82DDDCD72963208700176A3B /* Badge.swift in Sources */,
				82AE06DC2962ADB1004594EC /* MapView.swift in Sources */,
				82DDDCE1296324B100176A3B /* GraphCapsule.swift in Sources */,
				82AE06B02962A39B004594EC /* SwiftTestUi1App.swift in Sources */,
				82DDDCCA29630CF700176A3B /* FavoriteButton.swift in Sources */,
				82DDDCE3296324B100176A3B /* HikeDetail.swift in Sources */,
				82DDDCCE2963146A00176A3B /* HexagonParameters.swift in Sources */,
				82DDDCDB2963245900176A3B /* Hike.swift in Sources */,
				82DDDCD529631F7E00176A3B /* RotatedBadgeSymbol.swift in Sources */,
				82DDDCD229631E8F00176A3B /* BadgeSymbol.swift in Sources */,
				82DDDCC52962C7A300176A3B /* LandmarkList.swift in Sources */,
				82DDDCE4296324B100176A3B /* HikeView.swift in Sources */,
				82DDDCC72962D01E00176A3B /* LandmarkDetail.swift in Sources */,
				82DDDCD02963168500176A3B /* BadgeBackground.swift in Sources */,
				82AE06DA2962AC20004594EC /* CircleImage.swift in Sources */,
				82DDDCBB2962C0AE00176A3B /* Landmark.swift in Sources */,
				82DDDCC32962C41D00176A3B /* LandmarkRow.swift in Sources */,
				82DDDCBD2962C26100176A3B /* ModelData.swift in Sources */,
			);
			runOnlyForDeploymentPostprocessing = 0;
		};
		82AE06B82962A39F004594EC /* Sources */ = {
			isa = PBXSourcesBuildPhase;
			buildActionMask = 2147483647;
			files = (
				82AE06C12962A39F004594EC /* SwiftTestUi1Tests.swift in Sources */,
			);
			runOnlyForDeploymentPostprocessing = 0;
		};
		82AE06C22962A39F004594EC /* Sources */ = {
			isa = PBXSourcesBuildPhase;
			buildActionMask = 2147483647;
			files = (
				82AE06CD2962A39F004594EC /* SwiftTestUi1UITestsLaunchTests.swift in Sources */,
				82AE06CB2962A39F004594EC /* SwiftTestUi1UITests.swift in Sources */,
			);
			runOnlyForDeploymentPostprocessing = 0;
		};
/* End PBXSourcesBuildPhase section */

/* Begin PBXTargetDependency section */
		82AE06BE2962A39F004594EC /* PBXTargetDependency */ = {
			isa = PBXTargetDependency;
			target = 82AE06AB2962A39B004594EC /* SwiftTestUi1 */;
			targetProxy = 82AE06BD2962A39F004594EC /* PBXContainerItemProxy */;
		};
		82AE06C82962A39F004594EC /* PBXTargetDependency */ = {
			isa = PBXTargetDependency;
			target = 82AE06AB2962A39B004594EC /* SwiftTestUi1 */;
			targetProxy = 82AE06C72962A39F004594EC /* PBXContainerItemProxy */;
		};
/* End PBXTargetDependency section */

/* Begin XCBuildConfiguration section */
		82AE06CE2962A39F004594EC /* Debug */ = {
			isa = XCBuildConfiguration;
			buildSettings = {
				ALWAYS_SEARCH_USER_PATHS = NO;
				CLANG_ANALYZER_NONNULL = YES;
				CLANG_ANALYZER_NUMBER_OBJECT_CONVERSION = YES_AGGRESSIVE;
				CLANG_CXX_LANGUAGE_STANDARD = "gnu++17";
				CLANG_CXX_LIBRARY = "libc++";
				CLANG_ENABLE_MODULES = YES;
				CLANG_ENABLE_OBJC_ARC = YES;
				CLANG_ENABLE_OBJC_WEAK = YES;
				CLANG_WARN_BLOCK_CAPTURE_AUTORELEASING = YES;
				CLANG_WARN_BOOL_CONVERSION = YES;
				CLANG_WARN_COMMA = YES;
				CLANG_WARN_CONSTANT_CONVERSION = YES;
				CLANG_WARN_DEPRECATED_OBJC_IMPLEMENTATIONS = YES;
				CLANG_WARN_DIRECT_OBJC_ISA_USAGE = YES_ERROR;
				CLANG_WARN_DOCUMENTATION_COMMENTS = YES;
				CLANG_WARN_EMPTY_BODY = YES;
				CLANG_WARN_ENUM_CONVERSION = YES;
				CLANG_WARN_INFINITE_RECURSION = YES;
				CLANG_WARN_INT_CONVERSION = YES;
				CLANG_WARN_NON_LITERAL_NULL_CONVERSION = YES;
				CLANG_WARN_OBJC_IMPLICIT_RETAIN_SELF = YES;
				CLANG_WARN_OBJC_LITERAL_CONVERSION = YES;
				CLANG_WARN_OBJC_ROOT_CLASS = YES_ERROR;
				CLANG_WARN_QUOTED_INCLUDE_IN_FRAMEWORK_HEADER = YES;
				CLANG_WARN_RANGE_LOOP_ANALYSIS = YES;
				CLANG_WARN_STRICT_PROTOTYPES = YES;
				CLANG_WARN_SUSPICIOUS_MOVE = YES;
				CLANG_WARN_UNGUARDED_AVAILABILITY = YES_AGGRESSIVE;
				CLANG_WARN_UNREACHABLE_CODE = YES;
				CLANG_WARN__DUPLICATE_METHOD_MATCH = YES;
				COPY_PHASE_STRIP = NO;
				DEBUG_INFORMATION_FORMAT = dwarf;
				ENABLE_STRICT_OBJC_MSGSEND = YES;
				ENABLE_TESTABILITY = YES;
				GCC_C_LANGUAGE_STANDARD = gnu11;
				GCC_DYNAMIC_NO_PIC = NO;
				GCC_NO_COMMON_BLOCKS = YES;
				GCC_OPTIMIZATION_LEVEL = 0;
				GCC_PREPROCESSOR_DEFINITIONS = (
					"DEBUG=1",
					"$(inherited)",
				);
				GCC_WARN_64_TO_32_BIT_CONVERSION = YES;
				GCC_WARN_ABOUT_RETURN_TYPE = YES_ERROR;
				GCC_WARN_UNDECLARED_SELECTOR = YES;
				GCC_WARN_UNINITIALIZED_AUTOS = YES_AGGRESSIVE;
				GCC_WARN_UNUSED_FUNCTION = YES;
				GCC_WARN_UNUSED_VARIABLE = YES;
				IPHONEOS_DEPLOYMENT_TARGET = 15.2;
				MTL_ENABLE_DEBUG_INFO = INCLUDE_SOURCE;
				MTL_FAST_MATH = YES;
				ONLY_ACTIVE_ARCH = YES;
				SDKROOT = iphoneos;
				SWIFT_ACTIVE_COMPILATION_CONDITIONS = DEBUG;
				SWIFT_OPTIMIZATION_LEVEL = "-Onone";
			};
			name = Debug;
		};
		82AE06CF2962A39F004594EC /* Release */ = {
			isa = XCBuildConfiguration;
			buildSettings = {
				ALWAYS_SEARCH_USER_PATHS = NO;
				CLANG_ANALYZER_NONNULL = YES;
				CLANG_ANALYZER_NUMBER_OBJECT_CONVERSION = YES_AGGRESSIVE;
				CLANG_CXX_LANGUAGE_STANDARD = "gnu++17";
				CLANG_CXX_LIBRARY = "libc++";
				CLANG_ENABLE_MODULES = YES;
				CLANG_ENABLE_OBJC_ARC = YES;
				CLANG_ENABLE_OBJC_WEAK = YES;
				CLANG_WARN_BLOCK_CAPTURE_AUTORELEASING = YES;
				CLANG_WARN_BOOL_CONVERSION = YES;
				CLANG_WARN_COMMA = YES;
				CLANG_WARN_CONSTANT_CONVERSION = YES;
				CLANG_WARN_DEPRECATED_OBJC_IMPLEMENTATIONS = YES;
				CLANG_WARN_DIRECT_OBJC_ISA_USAGE = YES_ERROR;
				CLANG_WARN_DOCUMENTATION_COMMENTS = YES;
				CLANG_WARN_EMPTY_BODY = YES;
				CLANG_WARN_ENUM_CONVERSION = YES;
				CLANG_WARN_INFINITE_RECURSION = YES;
				CLANG_WARN_INT_CONVERSION = YES;
				CLANG_WARN_NON_LITERAL_NULL_CONVERSION = YES;
				CLANG_WARN_OBJC_IMPLICIT_RETAIN_SELF = YES;
				CLANG_WARN_OBJC_LITERAL_CONVERSION = YES;
				CLANG_WARN_OBJC_ROOT_CLASS = YES_ERROR;
				CLANG_WARN_QUOTED_INCLUDE_IN_FRAMEWORK_HEADER = YES;
				CLANG_WARN_RANGE_LOOP_ANALYSIS = YES;
				CLANG_WARN_STRICT_PROTOTYPES = YES;
				CLANG_WARN_SUSPICIOUS_MOVE = YES;
				CLANG_WARN_UNGUARDED_AVAILABILITY = YES_AGGRESSIVE;
				CLANG_WARN_UNREACHABLE_CODE = YES;
				CLANG_WARN__DUPLICATE_METHOD_MATCH = YES;
				COPY_PHASE_STRIP = NO;
				DEBUG_INFORMATION_FORMAT = "dwarf-with-dsym";
				ENABLE_NS_ASSERTIONS = NO;
				ENABLE_STRICT_OBJC_MSGSEND = YES;
				GCC_C_LANGUAGE_STANDARD = gnu11;
				GCC_NO_COMMON_BLOCKS = YES;
				GCC_WARN_64_TO_32_BIT_CONVERSION = YES;
				GCC_WARN_ABOUT_RETURN_TYPE = YES_ERROR;
				GCC_WARN_UNDECLARED_SELECTOR = YES;
				GCC_WARN_UNINITIALIZED_AUTOS = YES_AGGRESSIVE;
				GCC_WARN_UNUSED_FUNCTION = YES;
				GCC_WARN_UNUSED_VARIABLE = YES;
				IPHONEOS_DEPLOYMENT_TARGET = 15.2;
				MTL_ENABLE_DEBUG_INFO = NO;
				MTL_FAST_MATH = YES;
				SDKROOT = iphoneos;
				SWIFT_COMPILATION_MODE = wholemodule;
				SWIFT_OPTIMIZATION_LEVEL = "-O";
				VALIDATE_PRODUCT = YES;
			};
			name = Release;
		};
		82AE06D12962A39F004594EC /* Debug */ = {
			isa = XCBuildConfiguration;
			buildSettings = {
				ASSETCATALOG_COMPILER_APPICON_NAME = AppIcon;
				ASSETCATALOG_COMPILER_GLOBAL_ACCENT_COLOR_NAME = AccentColor;
				CODE_SIGN_STYLE = Automatic;
				CURRENT_PROJECT_VERSION = 1;
				DEVELOPMENT_ASSET_PATHS = "\"SwiftTestUi1/Preview Content\"";
				DEVELOPMENT_TEAM = 82FDM2HU89;
				ENABLE_PREVIEWS = YES;
				GENERATE_INFOPLIST_FILE = YES;
				INFOPLIST_FILE = SwiftTestUi1/Info.plist;
				INFOPLIST_KEY_UIApplicationSceneManifest_Generation = YES;
				INFOPLIST_KEY_UIApplicationSupportsIndirectInputEvents = YES;
				INFOPLIST_KEY_UILaunchScreen_Generation = YES;
				INFOPLIST_KEY_UISupportedInterfaceOrientations_iPad = "UIInterfaceOrientationPortrait UIInterfaceOrientationPortraitUpsideDown UIInterfaceOrientationLandscapeLeft UIInterfaceOrientationLandscapeRight";
				INFOPLIST_KEY_UISupportedInterfaceOrientations_iPhone = "UIInterfaceOrientationPortrait UIInterfaceOrientationLandscapeLeft UIInterfaceOrientationLandscapeRight";
				LD_RUNPATH_SEARCH_PATHS = (
					"$(inherited)",
					"@executable_path/Frameworks",
				);
				MARKETING_VERSION = 1.0;
				PRODUCT_BUNDLE_IDENTIFIER = jx.SwiftTestUi1;
				PRODUCT_NAME = "$(TARGET_NAME)";
				SWIFT_EMIT_LOC_STRINGS = YES;
				SWIFT_VERSION = 5.0;
				TARGETED_DEVICE_FAMILY = "1,2";
			};
			name = Debug;
		};
		82AE06D22962A39F004594EC /* Release */ = {
			isa = XCBuildConfiguration;
			buildSettings = {
				ASSETCATALOG_COMPILER_APPICON_NAME = AppIcon;
				ASSETCATALOG_COMPILER_GLOBAL_ACCENT_COLOR_NAME = AccentColor;
				CODE_SIGN_STYLE = Automatic;
				CURRENT_PROJECT_VERSION = 1;
				DEVELOPMENT_ASSET_PATHS = "\"SwiftTestUi1/Preview Content\"";
				DEVELOPMENT_TEAM = 82FDM2HU89;
				ENABLE_PREVIEWS = YES;
				GENERATE_INFOPLIST_FILE = YES;
				INFOPLIST_FILE = SwiftTestUi1/Info.plist;
				INFOPLIST_KEY_UIApplicationSceneManifest_Generation = YES;
				INFOPLIST_KEY_UIApplicationSupportsIndirectInputEvents = YES;
				INFOPLIST_KEY_UILaunchScreen_Generation = YES;
				INFOPLIST_KEY_UISupportedInterfaceOrientations_iPad = "UIInterfaceOrientationPortrait UIInterfaceOrientationPortraitUpsideDown UIInterfaceOrientationLandscapeLeft UIInterfaceOrientationLandscapeRight";
				INFOPLIST_KEY_UISupportedInterfaceOrientations_iPhone = "UIInterfaceOrientationPortrait UIInterfaceOrientationLandscapeLeft UIInterfaceOrientationLandscapeRight";
				LD_RUNPATH_SEARCH_PATHS = (
					"$(inherited)",
					"@executable_path/Frameworks",
				);
				MARKETING_VERSION = 1.0;
				PRODUCT_BUNDLE_IDENTIFIER = jx.SwiftTestUi1;
				PRODUCT_NAME = "$(TARGET_NAME)";
				SWIFT_EMIT_LOC_STRINGS = YES;
				SWIFT_VERSION = 5.0;
				TARGETED_DEVICE_FAMILY = "1,2";
			};
			name = Release;
		};
		82AE06D42962A39F004594EC /* Debug */ = {
			isa = XCBuildConfiguration;
			buildSettings = {
				ALWAYS_EMBED_SWIFT_STANDARD_LIBRARIES = YES;
				BUNDLE_LOADER = "$(TEST_HOST)";
				CODE_SIGN_STYLE = Automatic;
				CURRENT_PROJECT_VERSION = 1;
				DEVELOPMENT_TEAM = 82FDM2HU89;
				GENERATE_INFOPLIST_FILE = YES;
				IPHONEOS_DEPLOYMENT_TARGET = 15.2;
				MARKETING_VERSION = 1.0;
				PRODUCT_BUNDLE_IDENTIFIER = jx.SwiftTestUi1Tests;
				PRODUCT_NAME = "$(TARGET_NAME)";
				SWIFT_EMIT_LOC_STRINGS = NO;
				SWIFT_VERSION = 5.0;
				TARGETED_DEVICE_FAMILY = "1,2";
				TEST_HOST = "$(BUILT_PRODUCTS_DIR)/SwiftTestUi1.app/SwiftTestUi1";
			};
			name = Debug;
		};
		82AE06D52962A39F004594EC /* Release */ = {
			isa = XCBuildConfiguration;
			buildSettings = {
				ALWAYS_EMBED_SWIFT_STANDARD_LIBRARIES = YES;
				BUNDLE_LOADER = "$(TEST_HOST)";
				CODE_SIGN_STYLE = Automatic;
				CURRENT_PROJECT_VERSION = 1;
				DEVELOPMENT_TEAM = 82FDM2HU89;
				GENERATE_INFOPLIST_FILE = YES;
				IPHONEOS_DEPLOYMENT_TARGET = 15.2;
				MARKETING_VERSION = 1.0;
				PRODUCT_BUNDLE_IDENTIFIER = jx.SwiftTestUi1Tests;
				PRODUCT_NAME = "$(TARGET_NAME)";
				SWIFT_EMIT_LOC_STRINGS = NO;
				SWIFT_VERSION = 5.0;
				TARGETED_DEVICE_FAMILY = "1,2";
				TEST_HOST = "$(BUILT_PRODUCTS_DIR)/SwiftTestUi1.app/SwiftTestUi1";
			};
			name = Release;
		};
		82AE06D72962A39F004594EC /* Debug */ = {
			isa = XCBuildConfiguration;
			buildSettings = {
				ALWAYS_EMBED_SWIFT_STANDARD_LIBRARIES = YES;
				CODE_SIGN_STYLE = Automatic;
				CURRENT_PROJECT_VERSION = 1;
				DEVELOPMENT_TEAM = 82FDM2HU89;
				GENERATE_INFOPLIST_FILE = YES;
				MARKETING_VERSION = 1.0;
				PRODUCT_BUNDLE_IDENTIFIER = jx.SwiftTestUi1UITests;
				PRODUCT_NAME = "$(TARGET_NAME)";
				SWIFT_EMIT_LOC_STRINGS = NO;
				SWIFT_VERSION = 5.0;
				TARGETED_DEVICE_FAMILY = "1,2";
				TEST_TARGET_NAME = SwiftTestUi1;
			};
			name = Debug;
		};
		82AE06D82962A39F004594EC /* Release */ = {
			isa = XCBuildConfiguration;
			buildSettings = {
				ALWAYS_EMBED_SWIFT_STANDARD_LIBRARIES = YES;
				CODE_SIGN_STYLE = Automatic;
				CURRENT_PROJECT_VERSION = 1;
				DEVELOPMENT_TEAM = 82FDM2HU89;
				GENERATE_INFOPLIST_FILE = YES;
				MARKETING_VERSION = 1.0;
				PRODUCT_BUNDLE_IDENTIFIER = jx.SwiftTestUi1UITests;
				PRODUCT_NAME = "$(TARGET_NAME)";
				SWIFT_EMIT_LOC_STRINGS = NO;
				SWIFT_VERSION = 5.0;
				TARGETED_DEVICE_FAMILY = "1,2";
				TEST_TARGET_NAME = SwiftTestUi1;
			};
			name = Release;
		};
/* End XCBuildConfiguration section */

/* Begin XCConfigurationList section */
		82AE06A72962A39B004594EC /* Build configuration list for PBXProject "SwiftTestUi1" */ = {
			isa = XCConfigurationList;
			buildConfigurations = (
				82AE06CE2962A39F004594EC /* Debug */,
				82AE06CF2962A39F004594EC /* Release */,
			);
			defaultConfigurationIsVisible = 0;
			defaultConfigurationName = Release;
		};
		82AE06D02962A39F004594EC /* Build configuration list for PBXNativeTarget "SwiftTestUi1" */ = {
			isa = XCConfigurationList;
			buildConfigurations = (
				82AE06D12962A39F004594EC /* Debug */,
				82AE06D22962A39F004594EC /* Release */,
			);
			defaultConfigurationIsVisible = 0;
			defaultConfigurationName = Release;
		};
		82AE06D32962A39F004594EC /* Build configuration list for PBXNativeTarget "SwiftTestUi1Tests" */ = {
			isa = XCConfigurationList;
			buildConfigurations = (
				82AE06D42962A39F004594EC /* Debug */,
				82AE06D52962A39F004594EC /* Release */,
			);
			defaultConfigurationIsVisible = 0;
			defaultConfigurationName = Release;
		};
		82AE06D62962A39F004594EC /* Build configuration list for PBXNativeTarget "SwiftTestUi1UITests" */ = {
			isa = XCConfigurationList;
			buildConfigurations = (
				82AE06D72962A39F004594EC /* Debug */,
				82AE06D82962A39F004594EC /* Release */,
			);
			defaultConfigurationIsVisible = 0;
			defaultConfigurationName = Release;
		};
/* End XCConfigurationList section */
	};
	rootObject = 82AE06A42962A39B004594EC /* Project object */;
}
